
Microsoft Visual Studio Solution File, Format Version 11.00
# Visual Studio 2010
Project("{8BC9CEB8-8B4A-11D0-8D11-00A0C91BC942}") = "basicFileOperation", "basicFileOperation\basicFileOperation.vcxproj", "{EBBFD34C-4038-4C56-AAD7-FB2EDF14CF13}"
EndProject
Global
	GlobalSection(SolutionConfigurationPlatforms) = preSolution
		Debug|Win32 = Debug|Win32
		Release|Win32 = Release|Win32
	EndGlobalSection
	GlobalSection(ProjectConfigurationPlatforms) = postSolution
		{EBBFD34C-4038-4C56-AAD7-FB2EDF14CF13}.Debug|Win32.ActiveCfg = Debug|Win32
		{EBBFD34C-4038-4C56-AAD7-FB2EDF14CF13}.Debug|Win32.Build.0 = Debug|Win32
		{EBBFD34C-4038-4C56-AAD7-FB2EDF14CF13}.Release|Win32.ActiveCfg = Release|Win32
		{EBBFD34C-4038-4C56-AAD7-FB2EDF14CF13}.Release|Win32.Build.0 = Release|Win32
	EndGlobalSection
	GlobalSection(SolutionProperties) = preSolution
		HideSolutionNode = FALSE
	EndGlobalSection
EndGlobal
